
Microsoft Visual Studio Solution File, Format Version 12.00
# Visual Studio Version 16
VisualStudioVersion = 16.0.31410.357
MinimumVisualStudioVersion = 10.0.40219.1
Project("{FAE04EC0-301F-11D3-BF4B-00C04F79EFBC}") = "truehomework", "truehomework.csproj", "{0CD8249D-A863-4E49-9DBC-9952E1111951}"
EndProject
Global
	GlobalSection(SolutionConfigurationPlatforms) = preSolution
		Debug|Any CPU = Debug|Any CPU
		Release|Any CPU = Release|Any CPU
	EndGlobalSection
	GlobalSection(ProjectConfigurationPlatforms) = postSolution
		{0CD8249D-A863-4E49-9DBC-9952E1111951}.Debug|Any CPU.ActiveCfg = Debug|Any CPU
		{0CD8249D-A863-4E49-9DBC-9952E1111951}.Debug|Any CPU.Build.0 = Debug|Any CPU
		{0CD8249D-A863-4E49-9DBC-9952E1111951}.Release|Any CPU.ActiveCfg = Release|Any CPU
		{0CD8249D-A863-4E49-9DBC-9952E1111951}.Release|Any CPU.Build.0 = Release|Any CPU
	EndGlobalSection
	GlobalSection(SolutionProperties) = preSolution
		HideSolutionNode = FALSE
	EndGlobalSection
	GlobalSection(ExtensibilityGlobals) = postSolution
		SolutionGuid = {3AEC4578-285B-4215-B7C1-AD7EE71AE5C8}
	EndGlobalSection
EndGlobal
